
Microsoft Visual Studio Solution File, Format Version 12.00
# Visual Studio Version 16
VisualStudioVersion = 16.0.30204.135
MinimumVisualStudioVersion = 10.0.40219.1
Project("{FAE04EC0-301F-11D3-BF4B-00C04F79EFBC}") = "ChineseCalendar", "ChineseCalendar\ChineseCalendar.csproj", "{73FB043C-08CC-400D-A8E8-829773313570}"
EndProject
Project("{FAE04EC0-301F-11D3-BF4B-00C04F79EFBC}") = "XUnitTester", "XUnitTester\XUnitTester.csproj", "{F2FA2801-2227-497A-A111-DDF09D2421AD}"
EndProject
Global
	GlobalSection(SolutionConfigurationPlatforms) = preSolution
		Debug|Any CPU = Debug|Any CPU
		Release|Any CPU = Release|Any CPU
	EndGlobalSection
	GlobalSection(ProjectConfigurationPlatforms) = postSolution
		{73FB043C-08CC-400D-A8E8-829773313570}.Debug|Any CPU.ActiveCfg = Debug|Any CPU
		{73FB043C-08CC-400D-A8E8-829773313570}.Debug|Any CPU.Build.0 = Debug|Any CPU
		{73FB043C-08CC-400D-A8E8-829773313570}.Release|Any CPU.ActiveCfg = Release|Any CPU
		{73FB043C-08CC-400D-A8E8-829773313570}.Release|Any CPU.Build.0 = Release|Any CPU
		{F2FA2801-2227-497A-A111-DDF09D2421AD}.Debug|Any CPU.ActiveCfg = Debug|Any CPU
		{F2FA2801-2227-497A-A111-DDF09D2421AD}.Debug|Any CPU.Build.0 = Debug|Any CPU
		{F2FA2801-2227-497A-A111-DDF09D2421AD}.Release|Any CPU.ActiveCfg = Release|Any CPU
		{F2FA2801-2227-497A-A111-DDF09D2421AD}.Release|Any CPU.Build.0 = Release|Any CPU
	EndGlobalSection
	GlobalSection(SolutionProperties) = preSolution
		HideSolutionNode = FALSE
	EndGlobalSection
	GlobalSection(ExtensibilityGlobals) = postSolution
		SolutionGuid = {801B4ABD-1354-47F1-89F0-54F04C2A8AB1}
	EndGlobalSection
EndGlobal
